// !$*UTF8*$!
{
	archiveVersion = 1;
	classes = {
	};
	objectVersion = 50;
	objects = {

/* Begin PBXBuildFile section */
		CE4D88BF24ABB31B00AB91DC /* RestingKit.framework in Frameworks */ = {isa = PBXBuildFile; fileRef = CE4D88B524ABB31B00AB91DC /* RestingKit.framework */; };
		CE4D88C424ABB31B00AB91DC /* RestingKitTests.swift in Sources */ = {isa = PBXBuildFile; fileRef = CE4D88C324ABB31B00AB91DC /* RestingKitTests.swift */; };
		CE4D88C624ABB31B00AB91DC /* RestingKit.h in Headers */ = {isa = PBXBuildFile; fileRef = CE4D88B824ABB31B00AB91DC /* RestingKit.h */; settings = {ATTRIBUTES = (Public, ); }; };
		CE4D88EF24ABB56F00AB91DC /* AlamofireClient.swift in Sources */ = {isa = PBXBuildFile; fileRef = CE4D88D024ABB56F00AB91DC /* AlamofireClient.swift */; };
		CE4D88F024ABB56F00AB91DC /* RestingClient.swift in Sources */ = {isa = PBXBuildFile; fileRef = CE4D88D124ABB56F00AB91DC /* RestingClient.swift */; };
		CE4D88F124ABB56F00AB91DC /* HTTPClient.swift in Sources */ = {isa = PBXBuildFile; fileRef = CE4D88D224ABB56F00AB91DC /* HTTPClient.swift */; };
		CE4D88F224ABB56F00AB91DC /* HTTPResponseType.swift in Sources */ = {isa = PBXBuildFile; fileRef = CE4D88D424ABB56F00AB91DC /* HTTPResponseType.swift */; };
		CE4D88F324ABB56F00AB91DC /* HTTPDataResponse.swift in Sources */ = {isa = PBXBuildFile; fileRef = CE4D88D524ABB56F00AB91DC /* HTTPDataResponse.swift */; };
		CE4D88F424ABB56F00AB91DC /* HTTPResponse.swift in Sources */ = {isa = PBXBuildFile; fileRef = CE4D88D624ABB56F00AB91DC /* HTTPResponse.swift */; };
		CE4D88F524ABB56F00AB91DC /* HTTPError.swift in Sources */ = {isa = PBXBuildFile; fileRef = CE4D88D724ABB56F00AB91DC /* HTTPError.swift */; };
		CE4D88F624ABB56F00AB91DC /* Nothing.swift in Sources */ = {isa = PBXBuildFile; fileRef = CE4D88D924ABB56F00AB91DC /* Nothing.swift */; };
		CE4D88F724ABB56F00AB91DC /* MultipartFile.swift in Sources */ = {isa = PBXBuildFile; fileRef = CE4D88DA24ABB56F00AB91DC /* MultipartFile.swift */; };
		CE4D88F824ABB56F00AB91DC /* CodingKey+Flatten.swift in Sources */ = {isa = PBXBuildFile; fileRef = CE4D88DC24ABB56F00AB91DC /* CodingKey+Flatten.swift */; };
		CE4D88F924ABB56F00AB91DC /* QueryParameterEncoder.swift in Sources */ = {isa = PBXBuildFile; fileRef = CE4D88DD24ABB56F00AB91DC /* QueryParameterEncoder.swift */; };
		CE4D88FA24ABB56F00AB91DC /* MultipartNode.swift in Sources */ = {isa = PBXBuildFile; fileRef = CE4D88DE24ABB56F00AB91DC /* MultipartNode.swift */; };
		CE4D88FB24ABB56F00AB91DC /* QueryNode.swift in Sources */ = {isa = PBXBuildFile; fileRef = CE4D88DF24ABB56F00AB91DC /* QueryNode.swift */; };
		CE4D88FC24ABB56F00AB91DC /* MultipartFormDataEncoder.swift in Sources */ = {isa = PBXBuildFile; fileRef = CE4D88E024ABB56F00AB91DC /* MultipartFormDataEncoder.swift */; };
		CE4D88FD24ABB56F00AB91DC /* RestingCodingKey.swift in Sources */ = {isa = PBXBuildFile; fileRef = CE4D88E124ABB56F00AB91DC /* RestingCodingKey.swift */; };
		CE4D88FE24ABB56F00AB91DC /* String.swift in Sources */ = {isa = PBXBuildFile; fileRef = CE4D88E224ABB56F00AB91DC /* String.swift */; };
		CE4D88FF24ABB56F00AB91DC /* ProgressablePromise.swift in Sources */ = {isa = PBXBuildFile; fileRef = CE4D88E324ABB56F00AB91DC /* ProgressablePromise.swift */; };
		CE4D890024ABB56F00AB91DC /* PathVariableProvider.swift in Sources */ = {isa = PBXBuildFile; fileRef = CE4D88E524ABB56F00AB91DC /* PathVariableProvider.swift */; };
		CE4D890124ABB56F00AB91DC /* RequestConverter.swift in Sources */ = {isa = PBXBuildFile; fileRef = CE4D88E624ABB56F00AB91DC /* RequestConverter.swift */; };
		CE4D890224ABB56F00AB91DC /* HTTPRequest.swift in Sources */ = {isa = PBXBuildFile; fileRef = CE4D88E724ABB56F00AB91DC /* HTTPRequest.swift */; };
		CE4D890324ABB56F00AB91DC /* HeaderProvider.swift in Sources */ = {isa = PBXBuildFile; fileRef = CE4D88E824ABB56F00AB91DC /* HeaderProvider.swift */; };
		CE4D890424ABB56F00AB91DC /* RestingRequestConverter.swift in Sources */ = {isa = PBXBuildFile; fileRef = CE4D88E924ABB56F00AB91DC /* RestingRequestConverter.swift */; };
		CE4D890524ABB56F00AB91DC /* Endpoint.swift in Sources */ = {isa = PBXBuildFile; fileRef = CE4D88EA24ABB56F00AB91DC /* Endpoint.swift */; };
		CE4D890624ABB56F00AB91DC /* RestingRequest.swift in Sources */ = {isa = PBXBuildFile; fileRef = CE4D88EB24ABB56F00AB91DC /* RestingRequest.swift */; };
		CE4D890724ABB56F00AB91DC /* RequestResponseLoggingInterceptor.swift in Sources */ = {isa = PBXBuildFile; fileRef = CE4D88ED24ABB56F00AB91DC /* RequestResponseLoggingInterceptor.swift */; };
		CE4D890824ABB56F00AB91DC /* RestingInterceptor.swift in Sources */ = {isa = PBXBuildFile; fileRef = CE4D88EE24ABB56F00AB91DC /* RestingInterceptor.swift */; };
		CE4D891624ABB58500AB91DC /* RestingClientIntegrationTests.swift in Sources */ = {isa = PBXBuildFile; fileRef = CE4D890924ABB58500AB91DC /* RestingClientIntegrationTests.swift */; };
		CE4D891724ABB58500AB91DC /* HTTPClient.swift in Sources */ = {isa = PBXBuildFile; fileRef = CE4D890B24ABB58500AB91DC /* HTTPClient.swift */; };
		CE4D891824ABB58500AB91DC /* Assertions.swift in Sources */ = {isa = PBXBuildFile; fileRef = CE4D890C24ABB58500AB91DC /* Assertions.swift */; };
		CE4D891924ABB58500AB91DC /* Models.swift in Sources */ = {isa = PBXBuildFile; fileRef = CE4D890D24ABB58500AB91DC /* Models.swift */; };
		CE4D891A24ABB58500AB91DC /* Interceptors.swift in Sources */ = {isa = PBXBuildFile; fileRef = CE4D890E24ABB58500AB91DC /* Interceptors.swift */; };
		CE4D891B24ABB58500AB91DC /* sample.jpg in Resources */ = {isa = PBXBuildFile; fileRef = CE4D891024ABB58500AB91DC /* sample.jpg */; };
		CE4D891C24ABB58500AB91DC /* RestingRequestConverterTest.swift in Sources */ = {isa = PBXBuildFile; fileRef = CE4D891124ABB58500AB91DC /* RestingRequestConverterTest.swift */; };
		CE4D891D24ABB58500AB91DC /* RestingHeaderProviderTests.swift in Sources */ = {isa = PBXBuildFile; fileRef = CE4D891224ABB58500AB91DC /* RestingHeaderProviderTests.swift */; };
		CE4D891E24ABB58500AB91DC /* RestingClientTest.swift in Sources */ = {isa = PBXBuildFile; fileRef = CE4D891324ABB58500AB91DC /* RestingClientTest.swift */; };
		CE4D891F24ABB58500AB91DC /* RestingPathVariableProviderTests.swift in Sources */ = {isa = PBXBuildFile; fileRef = CE4D891424ABB58500AB91DC /* RestingPathVariableProviderTests.swift */; };
		CE4D892024ABB58500AB91DC /* QueryParameterEncoderTests.swift in Sources */ = {isa = PBXBuildFile; fileRef = CE4D891524ABB58500AB91DC /* QueryParameterEncoderTests.swift */; };
		CE4D892E24ABBBAB00AB91DC /* Alamofire.framework in Frameworks */ = {isa = PBXBuildFile; fileRef = CE4D892224ABBA8C00AB91DC /* Alamofire.framework */; };
		CE4D892F24ABBBAB00AB91DC /* Alamofire.framework in Embed Frameworks */ = {isa = PBXBuildFile; fileRef = CE4D892224ABBA8C00AB91DC /* Alamofire.framework */; settings = {ATTRIBUTES = (CodeSignOnCopy, RemoveHeadersOnCopy, ); }; };
		CE4D893124ABBBAC00AB91DC /* Mustache.framework in Frameworks */ = {isa = PBXBuildFile; fileRef = CE4D892424ABBA8C00AB91DC /* Mustache.framework */; };
		CE4D893224ABBBAC00AB91DC /* Mustache.framework in Embed Frameworks */ = {isa = PBXBuildFile; fileRef = CE4D892424ABBA8C00AB91DC /* Mustache.framework */; settings = {ATTRIBUTES = (CodeSignOnCopy, RemoveHeadersOnCopy, ); }; };
		CE4D893324ABBBAE00AB91DC /* PromiseKit.framework in Frameworks */ = {isa = PBXBuildFile; fileRef = CE4D892324ABBA8C00AB91DC /* PromiseKit.framework */; };
		CE4D893424ABBBAE00AB91DC /* PromiseKit.framework in Embed Frameworks */ = {isa = PBXBuildFile; fileRef = CE4D892324ABBA8C00AB91DC /* PromiseKit.framework */; settings = {ATTRIBUTES = (CodeSignOnCopy, RemoveHeadersOnCopy, ); }; };
		CE4D896124ABBDBC00AB91DC /* Images.xcassets in Resources */ = {isa = PBXBuildFile; fileRef = CE4D894D24ABBDBC00AB91DC /* Images.xcassets */; };
		CE4D896224ABBDBC00AB91DC /* Endpoints.swift in Sources */ = {isa = PBXBuildFile; fileRef = CE4D894E24ABBDBC00AB91DC /* Endpoints.swift */; };
		CE4D896324ABBDBC00AB91DC /* ImageUploadViewController.swift in Sources */ = {isa = PBXBuildFile; fileRef = CE4D895024ABBDBC00AB91DC /* ImageUploadViewController.swift */; };
		CE4D896424ABBDBC00AB91DC /* PostDetailViewController.swift in Sources */ = {isa = PBXBuildFile; fileRef = CE4D895124ABBDBC00AB91DC /* PostDetailViewController.swift */; };
		CE4D896524ABBDBC00AB91DC /* PostsViewController.swift in Sources */ = {isa = PBXBuildFile; fileRef = CE4D895224ABBDBC00AB91DC /* PostsViewController.swift */; };
		CE4D896624ABBDBC00AB91DC /* CreatePostViewController.swift in Sources */ = {isa = PBXBuildFile; fileRef = CE4D895324ABBDBC00AB91DC /* CreatePostViewController.swift */; };
		CE4D896724ABBDBC00AB91DC /* LaunchScreen.xib in Resources */ = {isa = PBXBuildFile; fileRef = CE4D895424ABBDBC00AB91DC /* LaunchScreen.xib */; };
		CE4D896824ABBDBC00AB91DC /* UIViewController+Error.swift in Sources */ = {isa = PBXBuildFile; fileRef = CE4D895624ABBDBC00AB91DC /* UIViewController+Error.swift */; };
		CE4D896924ABBDBC00AB91DC /* Promise+RestingKit.swift in Sources */ = {isa = PBXBuildFile; fileRef = CE4D895724ABBDBC00AB91DC /* Promise+RestingKit.swift */; };
		CE4D896A24ABBDBC00AB91DC /* Main.storyboard in Resources */ = {isa = PBXBuildFile; fileRef = CE4D895824ABBDBC00AB91DC /* Main.storyboard */; };
		CE4D896B24ABBDBC00AB91DC /* PostModel.swift in Sources */ = {isa = PBXBuildFile; fileRef = CE4D895A24ABBDBC00AB91DC /* PostModel.swift */; };
		CE4D896C24ABBDBC00AB91DC /* PostCreateModel.swift in Sources */ = {isa = PBXBuildFile; fileRef = CE4D895B24ABBDBC00AB91DC /* PostCreateModel.swift */; };
		CE4D896D24ABBDBC00AB91DC /* ImageUploadModel.swift in Sources */ = {isa = PBXBuildFile; fileRef = CE4D895C24ABBDBC00AB91DC /* ImageUploadModel.swift */; };
		CE4D896E24ABBDBC00AB91DC /* JSONPlaceholderClient.swift in Sources */ = {isa = PBXBuildFile; fileRef = CE4D895E24ABBDBC00AB91DC /* JSONPlaceholderClient.swift */; };
		CE4D896F24ABBDBC00AB91DC /* ImageServerClient.swift in Sources */ = {isa = PBXBuildFile; fileRef = CE4D895F24ABBDBC00AB91DC /* ImageServerClient.swift */; };
		CE4D897024ABBDBC00AB91DC /* AppDelegate.swift in Sources */ = {isa = PBXBuildFile; fileRef = CE4D896024ABBDBC00AB91DC /* AppDelegate.swift */; };
		CE4D897124ABBFA100AB91DC /* RestingKit.framework in Frameworks */ = {isa = PBXBuildFile; fileRef = CE4D88B524ABB31B00AB91DC /* RestingKit.framework */; };
		CE4D897224ABBFA100AB91DC /* RestingKit.framework in Embed Frameworks */ = {isa = PBXBuildFile; fileRef = CE4D88B524ABB31B00AB91DC /* RestingKit.framework */; settings = {ATTRIBUTES = (CodeSignOnCopy, RemoveHeadersOnCopy, ); }; };
		CE4D897624ABBFEF00AB91DC /* PromiseKit.framework in Frameworks */ = {isa = PBXBuildFile; fileRef = CE4D892324ABBA8C00AB91DC /* PromiseKit.framework */; };
		CE4D897724ABBFEF00AB91DC /* PromiseKit.framework in Embed Frameworks */ = {isa = PBXBuildFile; fileRef = CE4D892324ABBA8C00AB91DC /* PromiseKit.framework */; settings = {ATTRIBUTES = (CodeSignOnCopy, RemoveHeadersOnCopy, ); }; };
		CE4D897824ABBFEF00AB91DC /* Mustache.framework in Frameworks */ = {isa = PBXBuildFile; fileRef = CE4D892424ABBA8C00AB91DC /* Mustache.framework */; };
		CE4D897924ABBFEF00AB91DC /* Mustache.framework in Embed Frameworks */ = {isa = PBXBuildFile; fileRef = CE4D892424ABBA8C00AB91DC /* Mustache.framework */; settings = {ATTRIBUTES = (CodeSignOnCopy, RemoveHeadersOnCopy, ); }; };
		CE4D897A24ABBFEF00AB91DC /* Alamofire.framework in Frameworks */ = {isa = PBXBuildFile; fileRef = CE4D892224ABBA8C00AB91DC /* Alamofire.framework */; };
		CE4D897B24ABBFEF00AB91DC /* Alamofire.framework in Embed Frameworks */ = {isa = PBXBuildFile; fileRef = CE4D892224ABBA8C00AB91DC /* Alamofire.framework */; settings = {ATTRIBUTES = (CodeSignOnCopy, RemoveHeadersOnCopy, ); }; };
/* End PBXBuildFile section */

/* Begin PBXContainerItemProxy section */
		CE4D88C024ABB31B00AB91DC /* PBXContainerItemProxy */ = {
			isa = PBXContainerItemProxy;
			containerPortal = CE4D88AC24ABB31B00AB91DC /* Project object */;
			proxyType = 1;
			remoteGlobalIDString = CE4D88B424ABB31B00AB91DC;
			remoteInfo = RestingKit;
		};
		CE4D897324ABBFA100AB91DC /* PBXContainerItemProxy */ = {
			isa = PBXContainerItemProxy;
			containerPortal = CE4D88AC24ABB31B00AB91DC /* Project object */;
			proxyType = 1;
			remoteGlobalIDString = CE4D88B424ABB31B00AB91DC;
			remoteInfo = RestingKit;
		};
/* End PBXContainerItemProxy section */

/* Begin PBXCopyFilesBuildPhase section */
		CE4D893024ABBBAB00AB91DC /* Embed Frameworks */ = {
			isa = PBXCopyFilesBuildPhase;
			buildActionMask = 2147483647;
			dstPath = "";
			dstSubfolderSpec = 10;
			files = (
				CE4D893424ABBBAE00AB91DC /* PromiseKit.framework in Embed Frameworks */,
				CE4D893224ABBBAC00AB91DC /* Mustache.framework in Embed Frameworks */,
				CE4D892F24ABBBAB00AB91DC /* Alamofire.framework in Embed Frameworks */,
			);
			name = "Embed Frameworks";
			runOnlyForDeploymentPostprocessing = 0;
		};
		CE4D897524ABBFA100AB91DC /* Embed Frameworks */ = {
			isa = PBXCopyFilesBuildPhase;
			buildActionMask = 2147483647;
			dstPath = "";
			dstSubfolderSpec = 10;
			files = (
				CE4D897224ABBFA100AB91DC /* RestingKit.framework in Embed Frameworks */,
				CE4D897924ABBFEF00AB91DC /* Mustache.framework in Embed Frameworks */,
				CE4D897724ABBFEF00AB91DC /* PromiseKit.framework in Embed Frameworks */,
				CE4D897B24ABBFEF00AB91DC /* Alamofire.framework in Embed Frameworks */,
			);
			name = "Embed Frameworks";
			runOnlyForDeploymentPostprocessing = 0;
		};
/* End PBXCopyFilesBuildPhase section */

/* Begin PBXFileReference section */
		CE4D88B524ABB31B00AB91DC /* RestingKit.framework */ = {isa = PBXFileReference; explicitFileType = wrapper.framework; includeInIndex = 0; path = RestingKit.framework; sourceTree = BUILT_PRODUCTS_DIR; };
		CE4D88B824ABB31B00AB91DC /* RestingKit.h */ = {isa = PBXFileReference; lastKnownFileType = sourcecode.c.h; path = RestingKit.h; sourceTree = "<group>"; };
		CE4D88B924ABB31B00AB91DC /* Info.plist */ = {isa = PBXFileReference; lastKnownFileType = text.plist.xml; path = Info.plist; sourceTree = "<group>"; };
		CE4D88BE24ABB31B00AB91DC /* RestingKitTests.xctest */ = {isa = PBXFileReference; explicitFileType = wrapper.cfbundle; includeInIndex = 0; path = RestingKitTests.xctest; sourceTree = BUILT_PRODUCTS_DIR; };
		CE4D88C324ABB31B00AB91DC /* RestingKitTests.swift */ = {isa = PBXFileReference; lastKnownFileType = sourcecode.swift; path = RestingKitTests.swift; sourceTree = "<group>"; };
		CE4D88C524ABB31B00AB91DC /* Info.plist */ = {isa = PBXFileReference; lastKnownFileType = text.plist.xml; path = Info.plist; sourceTree = "<group>"; };
		CE4D88D024ABB56F00AB91DC /* AlamofireClient.swift */ = {isa = PBXFileReference; fileEncoding = 4; lastKnownFileType = sourcecode.swift; path = AlamofireClient.swift; sourceTree = "<group>"; };
		CE4D88D124ABB56F00AB91DC /* RestingClient.swift */ = {isa = PBXFileReference; fileEncoding = 4; lastKnownFileType = sourcecode.swift; path = RestingClient.swift; sourceTree = "<group>"; };
		CE4D88D224ABB56F00AB91DC /* HTTPClient.swift */ = {isa = PBXFileReference; fileEncoding = 4; lastKnownFileType = sourcecode.swift; path = HTTPClient.swift; sourceTree = "<group>"; };
		CE4D88D424ABB56F00AB91DC /* HTTPResponseType.swift */ = {isa = PBXFileReference; fileEncoding = 4; lastKnownFileType = sourcecode.swift; path = HTTPResponseType.swift; sourceTree = "<group>"; };
		CE4D88D524ABB56F00AB91DC /* HTTPDataResponse.swift */ = {isa = PBXFileReference; fileEncoding = 4; lastKnownFileType = sourcecode.swift; path = HTTPDataResponse.swift; sourceTree = "<group>"; };
		CE4D88D624ABB56F00AB91DC /* HTTPResponse.swift */ = {isa = PBXFileReference; fileEncoding = 4; lastKnownFileType = sourcecode.swift; path = HTTPResponse.swift; sourceTree = "<group>"; };
		CE4D88D724ABB56F00AB91DC /* HTTPError.swift */ = {isa = PBXFileReference; fileEncoding = 4; lastKnownFileType = sourcecode.swift; path = HTTPError.swift; sourceTree = "<group>"; };
		CE4D88D924ABB56F00AB91DC /* Nothing.swift */ = {isa = PBXFileReference; fileEncoding = 4; lastKnownFileType = sourcecode.swift; path = Nothing.swift; sourceTree = "<group>"; };
		CE4D88DA24ABB56F00AB91DC /* MultipartFile.swift */ = {isa = PBXFileReference; fileEncoding = 4; lastKnownFileType = sourcecode.swift; path = MultipartFile.swift; sourceTree = "<group>"; };
		CE4D88DC24ABB56F00AB91DC /* CodingKey+Flatten.swift */ = {isa = PBXFileReference; fileEncoding = 4; lastKnownFileType = sourcecode.swift; path = "CodingKey+Flatten.swift"; sourceTree = "<group>"; };
		CE4D88DD24ABB56F00AB91DC /* QueryParameterEncoder.swift */ = {isa = PBXFileReference; fileEncoding = 4; lastKnownFileType = sourcecode.swift; path = QueryParameterEncoder.swift; sourceTree = "<group>"; };
		CE4D88DE24ABB56F00AB91DC /* MultipartNode.swift */ = {isa = PBXFileReference; fileEncoding = 4; lastKnownFileType = sourcecode.swift; path = MultipartNode.swift; sourceTree = "<group>"; };
		CE4D88DF24ABB56F00AB91DC /* QueryNode.swift */ = {isa = PBXFileReference; fileEncoding = 4; lastKnownFileType = sourcecode.swift; path = QueryNode.swift; sourceTree = "<group>"; };
		CE4D88E024ABB56F00AB91DC /* MultipartFormDataEncoder.swift */ = {isa = PBXFileReference; fileEncoding = 4; lastKnownFileType = sourcecode.swift; path = MultipartFormDataEncoder.swift; sourceTree = "<group>"; };
		CE4D88E124ABB56F00AB91DC /* RestingCodingKey.swift */ = {isa = PBXFileReference; fileEncoding = 4; lastKnownFileType = sourcecode.swift; path = RestingCodingKey.swift; sourceTree = "<group>"; };
		CE4D88E224ABB56F00AB91DC /* String.swift */ = {isa = PBXFileReference; fileEncoding = 4; lastKnownFileType = sourcecode.swift; path = String.swift; sourceTree = "<group>"; };
		CE4D88E324ABB56F00AB91DC /* ProgressablePromise.swift */ = {isa = PBXFileReference; fileEncoding = 4; lastKnownFileType = sourcecode.swift; path = ProgressablePromise.swift; sourceTree = "<group>"; };
		CE4D88E524ABB56F00AB91DC /* PathVariableProvider.swift */ = {isa = PBXFileReference; fileEncoding = 4; lastKnownFileType = sourcecode.swift; path = PathVariableProvider.swift; sourceTree = "<group>"; };
		CE4D88E624ABB56F00AB91DC /* RequestConverter.swift */ = {isa = PBXFileReference; fileEncoding = 4; lastKnownFileType = sourcecode.swift; path = RequestConverter.swift; sourceTree = "<group>"; };
		CE4D88E724ABB56F00AB91DC /* HTTPRequest.swift */ = {isa = PBXFileReference; fileEncoding = 4; lastKnownFileType = sourcecode.swift; path = HTTPRequest.swift; sourceTree = "<group>"; };
		CE4D88E824ABB56F00AB91DC /* HeaderProvider.swift */ = {isa = PBXFileReference; fileEncoding = 4; lastKnownFileType = sourcecode.swift; path = HeaderProvider.swift; sourceTree = "<group>"; };
		CE4D88E924ABB56F00AB91DC /* RestingRequestConverter.swift */ = {isa = PBXFileReference; fileEncoding = 4; lastKnownFileType = sourcecode.swift; path = RestingRequestConverter.swift; sourceTree = "<group>"; };
		CE4D88EA24ABB56F00AB91DC /* Endpoint.swift */ = {isa = PBXFileReference; fileEncoding = 4; lastKnownFileType = sourcecode.swift; path = Endpoint.swift; sourceTree = "<group>"; };
		CE4D88EB24ABB56F00AB91DC /* RestingRequest.swift */ = {isa = PBXFileReference; fileEncoding = 4; lastKnownFileType = sourcecode.swift; path = RestingRequest.swift; sourceTree = "<group>"; };
		CE4D88ED24ABB56F00AB91DC /* RequestResponseLoggingInterceptor.swift */ = {isa = PBXFileReference; fileEncoding = 4; lastKnownFileType = sourcecode.swift; path = RequestResponseLoggingInterceptor.swift; sourceTree = "<group>"; };
		CE4D88EE24ABB56F00AB91DC /* RestingInterceptor.swift */ = {isa = PBXFileReference; fileEncoding = 4; lastKnownFileType = sourcecode.swift; path = RestingInterceptor.swift; sourceTree = "<group>"; };
		CE4D890924ABB58500AB91DC /* RestingClientIntegrationTests.swift */ = {isa = PBXFileReference; fileEncoding = 4; lastKnownFileType = sourcecode.swift; path = RestingClientIntegrationTests.swift; sourceTree = "<group>"; };
		CE4D890B24ABB58500AB91DC /* HTTPClient.swift */ = {isa = PBXFileReference; fileEncoding = 4; lastKnownFileType = sourcecode.swift; path = HTTPClient.swift; sourceTree = "<group>"; };
		CE4D890C24ABB58500AB91DC /* Assertions.swift */ = {isa = PBXFileReference; fileEncoding = 4; lastKnownFileType = sourcecode.swift; path = Assertions.swift; sourceTree = "<group>"; };
		CE4D890D24ABB58500AB91DC /* Models.swift */ = {isa = PBXFileReference; fileEncoding = 4; lastKnownFileType = sourcecode.swift; path = Models.swift; sourceTree = "<group>"; };
		CE4D890E24ABB58500AB91DC /* Interceptors.swift */ = {isa = PBXFileReference; fileEncoding = 4; lastKnownFileType = sourcecode.swift; path = Interceptors.swift; sourceTree = "<group>"; };
		CE4D891024ABB58500AB91DC /* sample.jpg */ = {isa = PBXFileReference; lastKnownFileType = image.jpeg; path = sample.jpg; sourceTree = "<group>"; };
		CE4D891124ABB58500AB91DC /* RestingRequestConverterTest.swift */ = {isa = PBXFileReference; fileEncoding = 4; lastKnownFileType = sourcecode.swift; path = RestingRequestConverterTest.swift; sourceTree = "<group>"; };
		CE4D891224ABB58500AB91DC /* RestingHeaderProviderTests.swift */ = {isa = PBXFileReference; fileEncoding = 4; lastKnownFileType = sourcecode.swift; path = RestingHeaderProviderTests.swift; sourceTree = "<group>"; };
		CE4D891324ABB58500AB91DC /* RestingClientTest.swift */ = {isa = PBXFileReference; fileEncoding = 4; lastKnownFileType = sourcecode.swift; path = RestingClientTest.swift; sourceTree = "<group>"; };
		CE4D891424ABB58500AB91DC /* RestingPathVariableProviderTests.swift */ = {isa = PBXFileReference; fileEncoding = 4; lastKnownFileType = sourcecode.swift; path = RestingPathVariableProviderTests.swift; sourceTree = "<group>"; };
		CE4D891524ABB58500AB91DC /* QueryParameterEncoderTests.swift */ = {isa = PBXFileReference; fileEncoding = 4; lastKnownFileType = sourcecode.swift; path = QueryParameterEncoderTests.swift; sourceTree = "<group>"; };
		CE4D892224ABBA8C00AB91DC /* Alamofire.framework */ = {isa = PBXFileReference; lastKnownFileType = wrapper.framework; name = Alamofire.framework; path = Carthage/Build/iOS/Alamofire.framework; sourceTree = "<group>"; };
		CE4D892324ABBA8C00AB91DC /* PromiseKit.framework */ = {isa = PBXFileReference; lastKnownFileType = wrapper.framework; name = PromiseKit.framework; path = Carthage/Build/iOS/PromiseKit.framework; sourceTree = "<group>"; };
		CE4D892424ABBA8C00AB91DC /* Mustache.framework */ = {isa = PBXFileReference; lastKnownFileType = wrapper.framework; name = Mustache.framework; path = Carthage/Build/iOS/Mustache.framework; sourceTree = "<group>"; };
		CE4D893924ABBCCD00AB91DC /* RestingKit-iOS-Example.app */ = {isa = PBXFileReference; explicitFileType = wrapper.application; includeInIndex = 0; path = "RestingKit-iOS-Example.app"; sourceTree = BUILT_PRODUCTS_DIR; };
		CE4D894924ABBCCF00AB91DC /* Info.plist */ = {isa = PBXFileReference; lastKnownFileType = text.plist.xml; path = Info.plist; sourceTree = "<group>"; };
		CE4D894D24ABBDBC00AB91DC /* Images.xcassets */ = {isa = PBXFileReference; lastKnownFileType = folder.assetcatalog; path = Images.xcassets; sourceTree = "<group>"; };
		CE4D894E24ABBDBC00AB91DC /* Endpoints.swift */ = {isa = PBXFileReference; fileEncoding = 4; lastKnownFileType = sourcecode.swift; path = Endpoints.swift; sourceTree = "<group>"; };
		CE4D895024ABBDBC00AB91DC /* ImageUploadViewController.swift */ = {isa = PBXFileReference; fileEncoding = 4; lastKnownFileType = sourcecode.swift; path = ImageUploadViewController.swift; sourceTree = "<group>"; };
		CE4D895124ABBDBC00AB91DC /* PostDetailViewController.swift */ = {isa = PBXFileReference; fileEncoding = 4; lastKnownFileType = sourcecode.swift; path = PostDetailViewController.swift; sourceTree = "<group>"; };
		CE4D895224ABBDBC00AB91DC /* PostsViewController.swift */ = {isa = PBXFileReference; fileEncoding = 4; lastKnownFileType = sourcecode.swift; path = PostsViewController.swift; sourceTree = "<group>"; };
		CE4D895324ABBDBC00AB91DC /* CreatePostViewController.swift */ = {isa = PBXFileReference; fileEncoding = 4; lastKnownFileType = sourcecode.swift; path = CreatePostViewController.swift; sourceTree = "<group>"; };
		CE4D895424ABBDBC00AB91DC /* LaunchScreen.xib */ = {isa = PBXFileReference; fileEncoding = 4; lastKnownFileType = file.xib; path = LaunchScreen.xib; sourceTree = "<group>"; };
		CE4D895624ABBDBC00AB91DC /* UIViewController+Error.swift */ = {isa = PBXFileReference; fileEncoding = 4; lastKnownFileType = sourcecode.swift; path = "UIViewController+Error.swift"; sourceTree = "<group>"; };
		CE4D895724ABBDBC00AB91DC /* Promise+RestingKit.swift */ = {isa = PBXFileReference; fileEncoding = 4; lastKnownFileType = sourcecode.swift; path = "Promise+RestingKit.swift"; sourceTree = "<group>"; };
		CE4D895824ABBDBC00AB91DC /* Main.storyboard */ = {isa = PBXFileReference; fileEncoding = 4; lastKnownFileType = file.storyboard; path = Main.storyboard; sourceTree = "<group>"; };
		CE4D895A24ABBDBC00AB91DC /* PostModel.swift */ = {isa = PBXFileReference; fileEncoding = 4; lastKnownFileType = sourcecode.swift; path = PostModel.swift; sourceTree = "<group>"; };
		CE4D895B24ABBDBC00AB91DC /* PostCreateModel.swift */ = {isa = PBXFileReference; fileEncoding = 4; lastKnownFileType = sourcecode.swift; path = PostCreateModel.swift; sourceTree = "<group>"; };
		CE4D895C24ABBDBC00AB91DC /* ImageUploadModel.swift */ = {isa = PBXFileReference; fileEncoding = 4; lastKnownFileType = sourcecode.swift; path = ImageUploadModel.swift; sourceTree = "<group>"; };
		CE4D895E24ABBDBC00AB91DC /* JSONPlaceholderClient.swift */ = {isa = PBXFileReference; fileEncoding = 4; lastKnownFileType = sourcecode.swift; path = JSONPlaceholderClient.swift; sourceTree = "<group>"; };
		CE4D895F24ABBDBC00AB91DC /* ImageServerClient.swift */ = {isa = PBXFileReference; fileEncoding = 4; lastKnownFileType = sourcecode.swift; path = ImageServerClient.swift; sourceTree = "<group>"; };
		CE4D896024ABBDBC00AB91DC /* AppDelegate.swift */ = {isa = PBXFileReference; fileEncoding = 4; lastKnownFileType = sourcecode.swift; path = AppDelegate.swift; sourceTree = "<group>"; };
/* End PBXFileReference section */

/* Begin PBXFrameworksBuildPhase section */
		CE4D88B224ABB31B00AB91DC /* Frameworks */ = {
			isa = PBXFrameworksBuildPhase;
			buildActionMask = 2147483647;
			files = (
				CE4D893324ABBBAE00AB91DC /* PromiseKit.framework in Frameworks */,
				CE4D892E24ABBBAB00AB91DC /* Alamofire.framework in Frameworks */,
				CE4D893124ABBBAC00AB91DC /* Mustache.framework in Frameworks */,
			);
			runOnlyForDeploymentPostprocessing = 0;
		};
		CE4D88BB24ABB31B00AB91DC /* Frameworks */ = {
			isa = PBXFrameworksBuildPhase;
			buildActionMask = 2147483647;
			files = (
				CE4D88BF24ABB31B00AB91DC /* RestingKit.framework in Frameworks */,
			);
			runOnlyForDeploymentPostprocessing = 0;
		};
		CE4D893624ABBCCD00AB91DC /* Frameworks */ = {
			isa = PBXFrameworksBuildPhase;
			buildActionMask = 2147483647;
			files = (
				CE4D897124ABBFA100AB91DC /* RestingKit.framework in Frameworks */,
				CE4D897824ABBFEF00AB91DC /* Mustache.framework in Frameworks */,
				CE4D897624ABBFEF00AB91DC /* PromiseKit.framework in Frameworks */,
				CE4D897A24ABBFEF00AB91DC /* Alamofire.framework in Frameworks */,
			);
			runOnlyForDeploymentPostprocessing = 0;
		};
/* End PBXFrameworksBuildPhase section */

/* Begin PBXGroup section */
		CE4D88AB24ABB31B00AB91DC = {
			isa = PBXGroup;
			children = (
				CE4D88B724ABB31B00AB91DC /* RestingKit */,
				CE4D88C224ABB31B00AB91DC /* RestingKitTests */,
				CE4D893A24ABBCCD00AB91DC /* RestingKit-iOS-Example */,
				CE4D88B624ABB31B00AB91DC /* Products */,
				CE4D892124ABBA8C00AB91DC /* Frameworks */,
			);
			sourceTree = "<group>";
		};
		CE4D88B624ABB31B00AB91DC /* Products */ = {
			isa = PBXGroup;
			children = (
				CE4D88B524ABB31B00AB91DC /* RestingKit.framework */,
				CE4D88BE24ABB31B00AB91DC /* RestingKitTests.xctest */,
				CE4D893924ABBCCD00AB91DC /* RestingKit-iOS-Example.app */,
			);
			name = Products;
			sourceTree = "<group>";
		};
		CE4D88B724ABB31B00AB91DC /* RestingKit */ = {
			isa = PBXGroup;
			children = (
				CE4D88CF24ABB56F00AB91DC /* Clients */,
				CE4D88EC24ABB56F00AB91DC /* Interceptors */,
				CE4D88E424ABB56F00AB91DC /* Requests */,
				CE4D88D324ABB56F00AB91DC /* Responses */,
				CE4D88D824ABB56F00AB91DC /* Utils */,
				CE4D88B824ABB31B00AB91DC /* RestingKit.h */,
				CE4D88B924ABB31B00AB91DC /* Info.plist */,
			);
			path = RestingKit;
			sourceTree = "<group>";
		};
		CE4D88C224ABB31B00AB91DC /* RestingKitTests */ = {
			isa = PBXGroup;
			children = (
				CE4D88C524ABB31B00AB91DC /* Info.plist */,
				CE4D891524ABB58500AB91DC /* QueryParameterEncoderTests.swift */,
				CE4D890924ABB58500AB91DC /* RestingClientIntegrationTests.swift */,
				CE4D891324ABB58500AB91DC /* RestingClientTest.swift */,
				CE4D891224ABB58500AB91DC /* RestingHeaderProviderTests.swift */,
				CE4D88C324ABB31B00AB91DC /* RestingKitTests.swift */,
				CE4D891424ABB58500AB91DC /* RestingPathVariableProviderTests.swift */,
				CE4D891124ABB58500AB91DC /* RestingRequestConverterTest.swift */,
				CE4D890F24ABB58500AB91DC /* Resources */,
				CE4D890A24ABB58500AB91DC /* Utils */,
			);
			path = RestingKitTests;
			sourceTree = "<group>";
		};
		CE4D88CF24ABB56F00AB91DC /* Clients */ = {
			isa = PBXGroup;
			children = (
				CE4D88D024ABB56F00AB91DC /* AlamofireClient.swift */,
				CE4D88D124ABB56F00AB91DC /* RestingClient.swift */,
				CE4D88D224ABB56F00AB91DC /* HTTPClient.swift */,
			);
			path = Clients;
			sourceTree = "<group>";
		};
		CE4D88D324ABB56F00AB91DC /* Responses */ = {
			isa = PBXGroup;
			children = (
				CE4D88D424ABB56F00AB91DC /* HTTPResponseType.swift */,
				CE4D88D524ABB56F00AB91DC /* HTTPDataResponse.swift */,
				CE4D88D624ABB56F00AB91DC /* HTTPResponse.swift */,
				CE4D88D724ABB56F00AB91DC /* HTTPError.swift */,
			);
			path = Responses;
			sourceTree = "<group>";
		};
		CE4D88D824ABB56F00AB91DC /* Utils */ = {
			isa = PBXGroup;
			children = (
				CE4D88D924ABB56F00AB91DC /* Nothing.swift */,
				CE4D88DA24ABB56F00AB91DC /* MultipartFile.swift */,
				CE4D88DB24ABB56F00AB91DC /* Encoding */,
				CE4D88E224ABB56F00AB91DC /* String.swift */,
				CE4D88E324ABB56F00AB91DC /* ProgressablePromise.swift */,
			);
			path = Utils;
			sourceTree = "<group>";
		};
		CE4D88DB24ABB56F00AB91DC /* Encoding */ = {
			isa = PBXGroup;
			children = (
				CE4D88DC24ABB56F00AB91DC /* CodingKey+Flatten.swift */,
				CE4D88DD24ABB56F00AB91DC /* QueryParameterEncoder.swift */,
				CE4D88DE24ABB56F00AB91DC /* MultipartNode.swift */,
				CE4D88DF24ABB56F00AB91DC /* QueryNode.swift */,
				CE4D88E024ABB56F00AB91DC /* MultipartFormDataEncoder.swift */,
				CE4D88E124ABB56F00AB91DC /* RestingCodingKey.swift */,
			);
			path = Encoding;
			sourceTree = "<group>";
		};
		CE4D88E424ABB56F00AB91DC /* Requests */ = {
			isa = PBXGroup;
			children = (
				CE4D88E524ABB56F00AB91DC /* PathVariableProvider.swift */,
				CE4D88E624ABB56F00AB91DC /* RequestConverter.swift */,
				CE4D88E724ABB56F00AB91DC /* HTTPRequest.swift */,
				CE4D88E824ABB56F00AB91DC /* HeaderProvider.swift */,
				CE4D88E924ABB56F00AB91DC /* RestingRequestConverter.swift */,
				CE4D88EA24ABB56F00AB91DC /* Endpoint.swift */,
				CE4D88EB24ABB56F00AB91DC /* RestingRequest.swift */,
			);
			path = Requests;
			sourceTree = "<group>";
		};
		CE4D88EC24ABB56F00AB91DC /* Interceptors */ = {
			isa = PBXGroup;
			children = (
				CE4D88ED24ABB56F00AB91DC /* RequestResponseLoggingInterceptor.swift */,
				CE4D88EE24ABB56F00AB91DC /* RestingInterceptor.swift */,
			);
			path = Interceptors;
			sourceTree = "<group>";
		};
		CE4D890A24ABB58500AB91DC /* Utils */ = {
			isa = PBXGroup;
			children = (
				CE4D890B24ABB58500AB91DC /* HTTPClient.swift */,
				CE4D890C24ABB58500AB91DC /* Assertions.swift */,
				CE4D890D24ABB58500AB91DC /* Models.swift */,
				CE4D890E24ABB58500AB91DC /* Interceptors.swift */,
			);
			path = Utils;
			sourceTree = "<group>";
		};
		CE4D890F24ABB58500AB91DC /* Resources */ = {
			isa = PBXGroup;
			children = (
				CE4D891024ABB58500AB91DC /* sample.jpg */,
			);
			path = Resources;
			sourceTree = "<group>";
		};
		CE4D892124ABBA8C00AB91DC /* Frameworks */ = {
			isa = PBXGroup;
			children = (
				CE4D892224ABBA8C00AB91DC /* Alamofire.framework */,
				CE4D892424ABBA8C00AB91DC /* Mustache.framework */,
				CE4D892324ABBA8C00AB91DC /* PromiseKit.framework */,
			);
			name = Frameworks;
			sourceTree = "<group>";
		};
		CE4D893A24ABBCCD00AB91DC /* RestingKit-iOS-Example */ = {
			isa = PBXGroup;
			children = (
				CE4D896024ABBDBC00AB91DC /* AppDelegate.swift */,
				CE4D895D24ABBDBC00AB91DC /* Clients */,
				CE4D894F24ABBDBC00AB91DC /* Controllers */,
				CE4D894E24ABBDBC00AB91DC /* Endpoints.swift */,
				CE4D895524ABBDBC00AB91DC /* Extensions */,
				CE4D894D24ABBDBC00AB91DC /* Images.xcassets */,
				CE4D895424ABBDBC00AB91DC /* LaunchScreen.xib */,
				CE4D895824ABBDBC00AB91DC /* Main.storyboard */,
				CE4D895924ABBDBC00AB91DC /* Models */,
				CE4D894924ABBCCF00AB91DC /* Info.plist */,
			);
			path = "RestingKit-iOS-Example";
			sourceTree = "<group>";
		};
		CE4D894F24ABBDBC00AB91DC /* Controllers */ = {
			isa = PBXGroup;
			children = (
				CE4D895024ABBDBC00AB91DC /* ImageUploadViewController.swift */,
				CE4D895124ABBDBC00AB91DC /* PostDetailViewController.swift */,
				CE4D895224ABBDBC00AB91DC /* PostsViewController.swift */,
				CE4D895324ABBDBC00AB91DC /* CreatePostViewController.swift */,
			);
			path = Controllers;
			sourceTree = "<group>";
		};
		CE4D895524ABBDBC00AB91DC /* Extensions */ = {
			isa = PBXGroup;
			children = (
				CE4D895624ABBDBC00AB91DC /* UIViewController+Error.swift */,
				CE4D895724ABBDBC00AB91DC /* Promise+RestingKit.swift */,
			);
			path = Extensions;
			sourceTree = "<group>";
		};
		CE4D895924ABBDBC00AB91DC /* Models */ = {
			isa = PBXGroup;
			children = (
				CE4D895A24ABBDBC00AB91DC /* PostModel.swift */,
				CE4D895B24ABBDBC00AB91DC /* PostCreateModel.swift */,
				CE4D895C24ABBDBC00AB91DC /* ImageUploadModel.swift */,
			);
			path = Models;
			sourceTree = "<group>";
		};
		CE4D895D24ABBDBC00AB91DC /* Clients */ = {
			isa = PBXGroup;
			children = (
				CE4D895E24ABBDBC00AB91DC /* JSONPlaceholderClient.swift */,
				CE4D895F24ABBDBC00AB91DC /* ImageServerClient.swift */,
			);
			path = Clients;
			sourceTree = "<group>";
		};
/* End PBXGroup section */

/* Begin PBXHeadersBuildPhase section */
		CE4D88B024ABB31B00AB91DC /* Headers */ = {
			isa = PBXHeadersBuildPhase;
			buildActionMask = 2147483647;
			files = (
				CE4D88C624ABB31B00AB91DC /* RestingKit.h in Headers */,
			);
			runOnlyForDeploymentPostprocessing = 0;
		};
/* End PBXHeadersBuildPhase section */

/* Begin PBXNativeTarget section */
		CE4D88B424ABB31B00AB91DC /* RestingKit */ = {
			isa = PBXNativeTarget;
			buildConfigurationList = CE4D88C924ABB31B00AB91DC /* Build configuration list for PBXNativeTarget "RestingKit" */;
			buildPhases = (
				CE4D897C24ABC28600AB91DC /* Swiftlint */,
				CE4D88B024ABB31B00AB91DC /* Headers */,
				CE4D88B124ABB31B00AB91DC /* Sources */,
				CE4D88B224ABB31B00AB91DC /* Frameworks */,
				CE4D88B324ABB31B00AB91DC /* Resources */,
				CE4D893024ABBBAB00AB91DC /* Embed Frameworks */,
			);
			buildRules = (
			);
			dependencies = (
			);
			name = RestingKit;
			productName = RestingKit;
			productReference = CE4D88B524ABB31B00AB91DC /* RestingKit.framework */;
			productType = "com.apple.product-type.framework";
		};
		CE4D88BD24ABB31B00AB91DC /* RestingKitTests */ = {
			isa = PBXNativeTarget;
			buildConfigurationList = CE4D88CC24ABB31B00AB91DC /* Build configuration list for PBXNativeTarget "RestingKitTests" */;
			buildPhases = (
				CE4D88BA24ABB31B00AB91DC /* Sources */,
				CE4D88BB24ABB31B00AB91DC /* Frameworks */,
				CE4D88BC24ABB31B00AB91DC /* Resources */,
			);
			buildRules = (
			);
			dependencies = (
				CE4D88C124ABB31B00AB91DC /* PBXTargetDependency */,
			);
			name = RestingKitTests;
			productName = RestingKitTests;
			productReference = CE4D88BE24ABB31B00AB91DC /* RestingKitTests.xctest */;
			productType = "com.apple.product-type.bundle.unit-test";
		};
		CE4D893824ABBCCD00AB91DC /* RestingKit-iOS-Example */ = {
			isa = PBXNativeTarget;
			buildConfigurationList = CE4D894A24ABBCCF00AB91DC /* Build configuration list for PBXNativeTarget "RestingKit-iOS-Example" */;
			buildPhases = (
				CE4D893524ABBCCD00AB91DC /* Sources */,
				CE4D893624ABBCCD00AB91DC /* Frameworks */,
				CE4D893724ABBCCD00AB91DC /* Resources */,
				CE4D897524ABBFA100AB91DC /* Embed Frameworks */,
			);
			buildRules = (
			);
			dependencies = (
				CE4D897424ABBFA100AB91DC /* PBXTargetDependency */,
			);
			name = "RestingKit-iOS-Example";
			productName = "RestingKit-iOS-Example";
			productReference = CE4D893924ABBCCD00AB91DC /* RestingKit-iOS-Example.app */;
			productType = "com.apple.product-type.application";
		};
/* End PBXNativeTarget section */

/* Begin PBXProject section */
		CE4D88AC24ABB31B00AB91DC /* Project object */ = {
			isa = PBXProject;
			attributes = {
				LastSwiftUpdateCheck = 1150;
				LastUpgradeCheck = 1150;
				ORGANIZATIONNAME = "Moray Baruh";
				TargetAttributes = {
					CE4D88B424ABB31B00AB91DC = {
						CreatedOnToolsVersion = 11.5;
					};
					CE4D88BD24ABB31B00AB91DC = {
						CreatedOnToolsVersion = 11.5;
					};
					CE4D893824ABBCCD00AB91DC = {
						CreatedOnToolsVersion = 11.5;
						LastSwiftMigration = 1150;
					};
				};
			};
			buildConfigurationList = CE4D88AF24ABB31B00AB91DC /* Build configuration list for PBXProject "RestingKit" */;
			compatibilityVersion = "Xcode 9.3";
			developmentRegion = en;
			hasScannedForEncodings = 0;
			knownRegions = (
				en,
				Base,
			);
			mainGroup = CE4D88AB24ABB31B00AB91DC;
			productRefGroup = CE4D88B624ABB31B00AB91DC /* Products */;
			projectDirPath = "";
			projectRoot = "";
			targets = (
				CE4D88B424ABB31B00AB91DC /* RestingKit */,
				CE4D88BD24ABB31B00AB91DC /* RestingKitTests */,
				CE4D893824ABBCCD00AB91DC /* RestingKit-iOS-Example */,
			);
		};
/* End PBXProject section */

/* Begin PBXResourcesBuildPhase section */
		CE4D88B324ABB31B00AB91DC /* Resources */ = {
			isa = PBXResourcesBuildPhase;
			buildActionMask = 2147483647;
			files = (
			);
			runOnlyForDeploymentPostprocessing = 0;
		};
		CE4D88BC24ABB31B00AB91DC /* Resources */ = {
			isa = PBXResourcesBuildPhase;
			buildActionMask = 2147483647;
			files = (
				CE4D891B24ABB58500AB91DC /* sample.jpg in Resources */,
			);
			runOnlyForDeploymentPostprocessing = 0;
		};
		CE4D893724ABBCCD00AB91DC /* Resources */ = {
			isa = PBXResourcesBuildPhase;
			buildActionMask = 2147483647;
			files = (
				CE4D896A24ABBDBC00AB91DC /* Main.storyboard in Resources */,
				CE4D896724ABBDBC00AB91DC /* LaunchScreen.xib in Resources */,
				CE4D896124ABBDBC00AB91DC /* Images.xcassets in Resources */,
			);
			runOnlyForDeploymentPostprocessing = 0;
		};
/* End PBXResourcesBuildPhase section */

/* Begin PBXShellScriptBuildPhase section */
		CE4D897C24ABC28600AB91DC /* Swiftlint */ = {
			isa = PBXShellScriptBuildPhase;
			buildActionMask = 2147483647;
			files = (
			);
			inputFileListPaths = (
			);
			inputPaths = (
			);
			name = Swiftlint;
			outputFileListPaths = (
			);
			outputPaths = (
			);
			runOnlyForDeploymentPostprocessing = 0;
			shellPath = /bin/sh;
			shellScript = "./bin/swiftlint\n";
		};
/* End PBXShellScriptBuildPhase section */

/* Begin PBXSourcesBuildPhase section */
		CE4D88B124ABB31B00AB91DC /* Sources */ = {
			isa = PBXSourcesBuildPhase;
			buildActionMask = 2147483647;
			files = (
				CE4D88FD24ABB56F00AB91DC /* RestingCodingKey.swift in Sources */,
				CE4D890424ABB56F00AB91DC /* RestingRequestConverter.swift in Sources */,
				CE4D88F424ABB56F00AB91DC /* HTTPResponse.swift in Sources */,
				CE4D88F724ABB56F00AB91DC /* MultipartFile.swift in Sources */,
				CE4D88FB24ABB56F00AB91DC /* QueryNode.swift in Sources */,
				CE4D88FF24ABB56F00AB91DC /* ProgressablePromise.swift in Sources */,
				CE4D88FC24ABB56F00AB91DC /* MultipartFormDataEncoder.swift in Sources */,
				CE4D88EF24ABB56F00AB91DC /* AlamofireClient.swift in Sources */,
				CE4D88F524ABB56F00AB91DC /* HTTPError.swift in Sources */,
				CE4D88F024ABB56F00AB91DC /* RestingClient.swift in Sources */,
				CE4D88F924ABB56F00AB91DC /* QueryParameterEncoder.swift in Sources */,
				CE4D890724ABB56F00AB91DC /* RequestResponseLoggingInterceptor.swift in Sources */,
				CE4D88FA24ABB56F00AB91DC /* MultipartNode.swift in Sources */,
				CE4D890624ABB56F00AB91DC /* RestingRequest.swift in Sources */,
				CE4D890824ABB56F00AB91DC /* RestingInterceptor.swift in Sources */,
				CE4D88F224ABB56F00AB91DC /* HTTPResponseType.swift in Sources */,
				CE4D88F824ABB56F00AB91DC /* CodingKey+Flatten.swift in Sources */,
				CE4D890324ABB56F00AB91DC /* HeaderProvider.swift in Sources */,
				CE4D88F124ABB56F00AB91DC /* HTTPClient.swift in Sources */,
				CE4D88F324ABB56F00AB91DC /* HTTPDataResponse.swift in Sources */,
				CE4D890524ABB56F00AB91DC /* Endpoint.swift in Sources */,
				CE4D890124ABB56F00AB91DC /* RequestConverter.swift in Sources */,
				CE4D890024ABB56F00AB91DC /* PathVariableProvider.swift in Sources */,
				CE4D890224ABB56F00AB91DC /* HTTPRequest.swift in Sources */,
				CE4D88FE24ABB56F00AB91DC /* String.swift in Sources */,
				CE4D88F624ABB56F00AB91DC /* Nothing.swift in Sources */,
			);
			runOnlyForDeploymentPostprocessing = 0;
		};
		CE4D88BA24ABB31B00AB91DC /* Sources */ = {
			isa = PBXSourcesBuildPhase;
			buildActionMask = 2147483647;
			files = (
				CE4D891624ABB58500AB91DC /* RestingClientIntegrationTests.swift in Sources */,
				CE4D88C424ABB31B00AB91DC /* RestingKitTests.swift in Sources */,
				CE4D891E24ABB58500AB91DC /* RestingClientTest.swift in Sources */,
				CE4D891824ABB58500AB91DC /* Assertions.swift in Sources */,
				CE4D891F24ABB58500AB91DC /* RestingPathVariableProviderTests.swift in Sources */,
				CE4D891724ABB58500AB91DC /* HTTPClient.swift in Sources */,
				CE4D891D24ABB58500AB91DC /* RestingHeaderProviderTests.swift in Sources */,
				CE4D891924ABB58500AB91DC /* Models.swift in Sources */,
				CE4D891C24ABB58500AB91DC /* RestingRequestConverterTest.swift in Sources */,
				CE4D891A24ABB58500AB91DC /* Interceptors.swift in Sources */,
				CE4D892024ABB58500AB91DC /* QueryParameterEncoderTests.swift in Sources */,
			);
			runOnlyForDeploymentPostprocessing = 0;
		};
		CE4D893524ABBCCD00AB91DC /* Sources */ = {
			isa = PBXSourcesBuildPhase;
			buildActionMask = 2147483647;
			files = (
				CE4D896E24ABBDBC00AB91DC /* JSONPlaceholderClient.swift in Sources */,
				CE4D896D24ABBDBC00AB91DC /* ImageUploadModel.swift in Sources */,
				CE4D896624ABBDBC00AB91DC /* CreatePostViewController.swift in Sources */,
				CE4D896B24ABBDBC00AB91DC /* PostModel.swift in Sources */,
				CE4D896524ABBDBC00AB91DC /* PostsViewController.swift in Sources */,
				CE4D896224ABBDBC00AB91DC /* Endpoints.swift in Sources */,
				CE4D896824ABBDBC00AB91DC /* UIViewController+Error.swift in Sources */,
				CE4D896F24ABBDBC00AB91DC /* ImageServerClient.swift in Sources */,
				CE4D897024ABBDBC00AB91DC /* AppDelegate.swift in Sources */,
				CE4D896924ABBDBC00AB91DC /* Promise+RestingKit.swift in Sources */,
				CE4D896424ABBDBC00AB91DC /* PostDetailViewController.swift in Sources */,
				CE4D896324ABBDBC00AB91DC /* ImageUploadViewController.swift in Sources */,
				CE4D896C24ABBDBC00AB91DC /* PostCreateModel.swift in Sources */,
			);
			runOnlyForDeploymentPostprocessing = 0;
		};
/* End PBXSourcesBuildPhase section */

/* Begin PBXTargetDependency section */
		CE4D88C124ABB31B00AB91DC /* PBXTargetDependency */ = {
			isa = PBXTargetDependency;
			target = CE4D88B424ABB31B00AB91DC /* RestingKit */;
			targetProxy = CE4D88C024ABB31B00AB91DC /* PBXContainerItemProxy */;
		};
		CE4D897424ABBFA100AB91DC /* PBXTargetDependency */ = {
			isa = PBXTargetDependency;
			target = CE4D88B424ABB31B00AB91DC /* RestingKit */;
			targetProxy = CE4D897324ABBFA100AB91DC /* PBXContainerItemProxy */;
		};
/* End PBXTargetDependency section */

/* Begin XCBuildConfiguration section */
		CE4D88C724ABB31B00AB91DC /* Debug */ = {
			isa = XCBuildConfiguration;
			buildSettings = {
				ALWAYS_SEARCH_USER_PATHS = NO;
				CLANG_ANALYZER_NONNULL = YES;
				CLANG_ANALYZER_NUMBER_OBJECT_CONVERSION = YES_AGGRESSIVE;
				CLANG_CXX_LANGUAGE_STANDARD = "gnu++14";
				CLANG_CXX_LIBRARY = "libc++";
				CLANG_ENABLE_MODULES = YES;
				CLANG_ENABLE_OBJC_ARC = YES;
				CLANG_ENABLE_OBJC_WEAK = YES;
				CLANG_WARN_BLOCK_CAPTURE_AUTORELEASING = YES;
				CLANG_WARN_BOOL_CONVERSION = YES;
				CLANG_WARN_COMMA = YES;
				CLANG_WARN_CONSTANT_CONVERSION = YES;
				CLANG_WARN_DEPRECATED_OBJC_IMPLEMENTATIONS = YES;
				CLANG_WARN_DIRECT_OBJC_ISA_USAGE = YES_ERROR;
				CLANG_WARN_DOCUMENTATION_COMMENTS = YES;
				CLANG_WARN_EMPTY_BODY = YES;
				CLANG_WARN_ENUM_CONVERSION = YES;
				CLANG_WARN_INFINITE_RECURSION = YES;
				CLANG_WARN_INT_CONVERSION = YES;
				CLANG_WARN_NON_LITERAL_NULL_CONVERSION = YES;
				CLANG_WARN_OBJC_IMPLICIT_RETAIN_SELF = YES;
				CLANG_WARN_OBJC_LITERAL_CONVERSION = YES;
				CLANG_WARN_OBJC_ROOT_CLASS = YES_ERROR;
				CLANG_WARN_RANGE_LOOP_ANALYSIS = YES;
				CLANG_WARN_STRICT_PROTOTYPES = YES;
				CLANG_WARN_SUSPICIOUS_MOVE = YES;
				CLANG_WARN_UNGUARDED_AVAILABILITY = YES_AGGRESSIVE;
				CLANG_WARN_UNREACHABLE_CODE = YES;
				CLANG_WARN__DUPLICATE_METHOD_MATCH = YES;
				COPY_PHASE_STRIP = NO;
				CURRENT_PROJECT_VERSION = 1;
				DEBUG_INFORMATION_FORMAT = dwarf;
				ENABLE_STRICT_OBJC_MSGSEND = YES;
				ENABLE_TESTABILITY = YES;
				GCC_C_LANGUAGE_STANDARD = gnu11;
				GCC_DYNAMIC_NO_PIC = NO;
				GCC_NO_COMMON_BLOCKS = YES;
				GCC_OPTIMIZATION_LEVEL = 0;
				GCC_PREPROCESSOR_DEFINITIONS = (
					"DEBUG=1",
					"$(inherited)",
				);
				GCC_WARN_64_TO_32_BIT_CONVERSION = YES;
				GCC_WARN_ABOUT_RETURN_TYPE = YES_ERROR;
				GCC_WARN_UNDECLARED_SELECTOR = YES;
				GCC_WARN_UNINITIALIZED_AUTOS = YES_AGGRESSIVE;
				GCC_WARN_UNUSED_FUNCTION = YES;
				GCC_WARN_UNUSED_VARIABLE = YES;
				IPHONEOS_DEPLOYMENT_TARGET = 13.5;
				MTL_ENABLE_DEBUG_INFO = INCLUDE_SOURCE;
				MTL_FAST_MATH = YES;
				ONLY_ACTIVE_ARCH = YES;
				SDKROOT = iphoneos;
				SWIFT_ACTIVE_COMPILATION_CONDITIONS = DEBUG;
				SWIFT_OPTIMIZATION_LEVEL = "-Onone";
				VERSIONING_SYSTEM = "apple-generic";
				VERSION_INFO_PREFIX = "";
			};
			name = Debug;
		};
		CE4D88C824ABB31B00AB91DC /* Release */ = {
			isa = XCBuildConfiguration;
			buildSettings = {
				ALWAYS_SEARCH_USER_PATHS = NO;
				CLANG_ANALYZER_NONNULL = YES;
				CLANG_ANALYZER_NUMBER_OBJECT_CONVERSION = YES_AGGRESSIVE;
				CLANG_CXX_LANGUAGE_STANDARD = "gnu++14";
				CLANG_CXX_LIBRARY = "libc++";
				CLANG_ENABLE_MODULES = YES;
				CLANG_ENABLE_OBJC_ARC = YES;
				CLANG_ENABLE_OBJC_WEAK = YES;
				CLANG_WARN_BLOCK_CAPTURE_AUTORELEASING = YES;
				CLANG_WARN_BOOL_CONVERSION = YES;
				CLANG_WARN_COMMA = YES;
				CLANG_WARN_CONSTANT_CONVERSION = YES;
				CLANG_WARN_DEPRECATED_OBJC_IMPLEMENTATIONS = YES;
				CLANG_WARN_DIRECT_OBJC_ISA_USAGE = YES_ERROR;
				CLANG_WARN_DOCUMENTATION_COMMENTS = YES;
				CLANG_WARN_EMPTY_BODY = YES;
				CLANG_WARN_ENUM_CONVERSION = YES;
				CLANG_WARN_INFINITE_RECURSION = YES;
				CLANG_WARN_INT_CONVERSION = YES;
				CLANG_WARN_NON_LITERAL_NULL_CONVERSION = YES;
				CLANG_WARN_OBJC_IMPLICIT_RETAIN_SELF = YES;
				CLANG_WARN_OBJC_LITERAL_CONVERSION = YES;
				CLANG_WARN_OBJC_ROOT_CLASS = YES_ERROR;
				CLANG_WARN_RANGE_LOOP_ANALYSIS = YES;
				CLANG_WARN_STRICT_PROTOTYPES = YES;
				CLANG_WARN_SUSPICIOUS_MOVE = YES;
				CLANG_WARN_UNGUARDED_AVAILABILITY = YES_AGGRESSIVE;
				CLANG_WARN_UNREACHABLE_CODE = YES;
				CLANG_WARN__DUPLICATE_METHOD_MATCH = YES;
				COPY_PHASE_STRIP = NO;
				CURRENT_PROJECT_VERSION = 1;
				DEBUG_INFORMATION_FORMAT = "dwarf-with-dsym";
				ENABLE_NS_ASSERTIONS = NO;
				ENABLE_STRICT_OBJC_MSGSEND = YES;
				GCC_C_LANGUAGE_STANDARD = gnu11;
				GCC_NO_COMMON_BLOCKS = YES;
				GCC_WARN_64_TO_32_BIT_CONVERSION = YES;
				GCC_WARN_ABOUT_RETURN_TYPE = YES_ERROR;
				GCC_WARN_UNDECLARED_SELECTOR = YES;
				GCC_WARN_UNINITIALIZED_AUTOS = YES_AGGRESSIVE;
				GCC_WARN_UNUSED_FUNCTION = YES;
				GCC_WARN_UNUSED_VARIABLE = YES;
				IPHONEOS_DEPLOYMENT_TARGET = 13.5;
				MTL_ENABLE_DEBUG_INFO = NO;
				MTL_FAST_MATH = YES;
				SDKROOT = iphoneos;
				SWIFT_COMPILATION_MODE = wholemodule;
				SWIFT_OPTIMIZATION_LEVEL = "-O";
				VALIDATE_PRODUCT = YES;
				VERSIONING_SYSTEM = "apple-generic";
				VERSION_INFO_PREFIX = "";
			};
			name = Release;
		};
		CE4D88CA24ABB31B00AB91DC /* Debug */ = {
			isa = XCBuildConfiguration;
			buildSettings = {
				CODE_SIGN_STYLE = Automatic;
				DEFINES_MODULE = YES;
				DYLIB_COMPATIBILITY_VERSION = 1;
				DYLIB_CURRENT_VERSION = 1;
				DYLIB_INSTALL_NAME_BASE = "@rpath";
				FRAMEWORK_SEARCH_PATHS = (
					"$(inherited)",
					"$(PROJECT_DIR)/Carthage/Build/iOS",
				);
				INFOPLIST_FILE = RestingKit/Info.plist;
				INSTALL_PATH = "$(LOCAL_LIBRARY_DIR)/Frameworks";
				IPHONEOS_DEPLOYMENT_TARGET = 10.0;
				LD_RUNPATH_SEARCH_PATHS = (
					"$(inherited)",
					"@executable_path/Frameworks",
					"@loader_path/Frameworks",
				);
				MARKETING_VERSION = 0.0.7.beta;
				PRODUCT_BUNDLE_IDENTIFIER = com.moraybaruh.RestingKit;
				PRODUCT_NAME = "$(TARGET_NAME:c99extidentifier)";
				SKIP_INSTALL = YES;
				SWIFT_VERSION = 5.0;
				TARGETED_DEVICE_FAMILY = "1,2";
			};
			name = Debug;
		};
		CE4D88CB24ABB31B00AB91DC /* Release */ = {
			isa = XCBuildConfiguration;
			buildSettings = {
				CODE_SIGN_STYLE = Automatic;
				DEFINES_MODULE = YES;
				DYLIB_COMPATIBILITY_VERSION = 1;
				DYLIB_CURRENT_VERSION = 1;
				DYLIB_INSTALL_NAME_BASE = "@rpath";
				FRAMEWORK_SEARCH_PATHS = (
					"$(inherited)",
					"$(PROJECT_DIR)/Carthage/Build/iOS",
				);
				INFOPLIST_FILE = RestingKit/Info.plist;
				INSTALL_PATH = "$(LOCAL_LIBRARY_DIR)/Frameworks";
				IPHONEOS_DEPLOYMENT_TARGET = 10.0;
				LD_RUNPATH_SEARCH_PATHS = (
					"$(inherited)",
					"@executable_path/Frameworks",
					"@loader_path/Frameworks",
				);
				MARKETING_VERSION = 0.0.7.beta;
				PRODUCT_BUNDLE_IDENTIFIER = com.moraybaruh.RestingKit;
				PRODUCT_NAME = "$(TARGET_NAME:c99extidentifier)";
				SKIP_INSTALL = YES;
				SWIFT_VERSION = 5.0;
				TARGETED_DEVICE_FAMILY = "1,2";
			};
			name = Release;
		};
		CE4D88CD24ABB31B00AB91DC /* Debug */ = {
			isa = XCBuildConfiguration;
			buildSettings = {
				ALWAYS_EMBED_SWIFT_STANDARD_LIBRARIES = YES;
				CODE_SIGN_STYLE = Automatic;
				FRAMEWORK_SEARCH_PATHS = (
					"$(inherited)",
					"$(PROJECT_DIR)/Carthage/Build/iOS",
				);
				INFOPLIST_FILE = RestingKitTests/Info.plist;
				LD_RUNPATH_SEARCH_PATHS = (
					"$(inherited)",
					"@executable_path/Frameworks",
					"@loader_path/Frameworks",
				);
				PRODUCT_BUNDLE_IDENTIFIER = com.moraybaruh.RestingKitTests;
				PRODUCT_NAME = "$(TARGET_NAME)";
				SWIFT_VERSION = 5.0;
				TARGETED_DEVICE_FAMILY = "1,2";
			};
			name = Debug;
		};
		CE4D88CE24ABB31B00AB91DC /* Release */ = {
			isa = XCBuildConfiguration;
			buildSettings = {
				ALWAYS_EMBED_SWIFT_STANDARD_LIBRARIES = YES;
				CODE_SIGN_STYLE = Automatic;
				FRAMEWORK_SEARCH_PATHS = (
					"$(inherited)",
					"$(PROJECT_DIR)/Carthage/Build/iOS",
				);
				INFOPLIST_FILE = RestingKitTests/Info.plist;
				LD_RUNPATH_SEARCH_PATHS = (
					"$(inherited)",
					"@executable_path/Frameworks",
					"@loader_path/Frameworks",
				);
				PRODUCT_BUNDLE_IDENTIFIER = com.moraybaruh.RestingKitTests;
				PRODUCT_NAME = "$(TARGET_NAME)";
				SWIFT_VERSION = 5.0;
				TARGETED_DEVICE_FAMILY = "1,2";
			};
			name = Release;
		};
		CE4D894B24ABBCCF00AB91DC /* Debug */ = {
			isa = XCBuildConfiguration;
			buildSettings = {
				ASSETCATALOG_COMPILER_APPICON_NAME = AppIcon;
				CLANG_ENABLE_MODULES = YES;
				CODE_SIGN_STYLE = Automatic;
				FRAMEWORK_SEARCH_PATHS = (
					"$(inherited)",
					"$(PROJECT_DIR)/Carthage/Build/iOS",
				);
				INFOPLIST_FILE = "RestingKit-iOS-Example/Info.plist";
				LD_RUNPATH_SEARCH_PATHS = (
					"$(inherited)",
					"@executable_path/Frameworks",
				);
				MARKETING_VERSION = 1.0;
				PRODUCT_BUNDLE_IDENTIFIER = "com.moraybaruh.RestingKit-iOS-Example";
				PRODUCT_NAME = "$(TARGET_NAME)";
				SWIFT_OPTIMIZATION_LEVEL = "-Onone";
				SWIFT_VERSION = 5.0;
				TARGETED_DEVICE_FAMILY = "1,2";
			};
			name = Debug;
		};
		CE4D894C24ABBCCF00AB91DC /* Release */ = {
			isa = XCBuildConfiguration;
			buildSettings = {
				ASSETCATALOG_COMPILER_APPICON_NAME = AppIcon;
				CLANG_ENABLE_MODULES = YES;
				CODE_SIGN_STYLE = Automatic;
				FRAMEWORK_SEARCH_PATHS = (
					"$(inherited)",
					"$(PROJECT_DIR)/Carthage/Build/iOS",
				);
				INFOPLIST_FILE = "RestingKit-iOS-Example/Info.plist";
				LD_RUNPATH_SEARCH_PATHS = (
					"$(inherited)",
					"@executable_path/Frameworks",
				);
				MARKETING_VERSION = 1.0;
				PRODUCT_BUNDLE_IDENTIFIER = "com.moraybaruh.RestingKit-iOS-Example";
				PRODUCT_NAME = "$(TARGET_NAME)";
				SWIFT_VERSION = 5.0;
				TARGETED_DEVICE_FAMILY = "1,2";
			};
			name = Release;
		};
/* End XCBuildConfiguration section */

/* Begin XCConfigurationList section */
		CE4D88AF24ABB31B00AB91DC /* Build configuration list for PBXProject "RestingKit" */ = {
			isa = XCConfigurationList;
			buildConfigurations = (
				CE4D88C724ABB31B00AB91DC /* Debug */,
				CE4D88C824ABB31B00AB91DC /* Release */,
			);
			defaultConfigurationIsVisible = 0;
			defaultConfigurationName = Release;
		};
		CE4D88C924ABB31B00AB91DC /* Build configuration list for PBXNativeTarget "RestingKit" */ = {
			isa = XCConfigurationList;
			buildConfigurations = (
				CE4D88CA24ABB31B00AB91DC /* Debug */,
				CE4D88CB24ABB31B00AB91DC /* Release */,
			);
			defaultConfigurationIsVisible = 0;
			defaultConfigurationName = Release;
		};
		CE4D88CC24ABB31B00AB91DC /* Build configuration list for PBXNativeTarget "RestingKitTests" */ = {
			isa = XCConfigurationList;
			buildConfigurations = (
				CE4D88CD24ABB31B00AB91DC /* Debug */,
				CE4D88CE24ABB31B00AB91DC /* Release */,
			);
			defaultConfigurationIsVisible = 0;
			defaultConfigurationName = Release;
		};
		CE4D894A24ABBCCF00AB91DC /* Build configuration list for PBXNativeTarget "RestingKit-iOS-Example" */ = {
			isa = XCConfigurationList;
			buildConfigurations = (
				CE4D894B24ABBCCF00AB91DC /* Debug */,
				CE4D894C24ABBCCF00AB91DC /* Release */,
			);
			defaultConfigurationIsVisible = 0;
			defaultConfigurationName = Release;
		};
/* End XCConfigurationList section */
	};
	rootObject = CE4D88AC24ABB31B00AB91DC /* Project object */;
}
